
Microsoft Visual Studio Solution File, Format Version 12.00
# Visual Studio Version 17
VisualStudioVersion = 17.8.34330.188
MinimumVisualStudioVersion = 10.0.40219.1
Project("{FAE04EC0-301F-11D3-BF4B-00C04F79EFBC}") = "circlebar", "circlebar\circlebar.csproj", "{8F8D14D9-3C38-4AB7-85E3-4DE3B1EB0FDB}"
EndProject
Global
	GlobalSection(SolutionConfigurationPlatforms) = preSolution
		Debug|Any CPU = Debug|Any CPU
		Release|Any CPU = Release|Any CPU
	EndGlobalSection
	GlobalSection(ProjectConfigurationPlatforms) = postSolution
		{8F8D14D9-3C38-4AB7-85E3-4DE3B1EB0FDB}.Debug|Any CPU.ActiveCfg = Debug|Any CPU
		{8F8D14D9-3C38-4AB7-85E3-4DE3B1EB0FDB}.Debug|Any CPU.Build.0 = Debug|Any CPU
		{8F8D14D9-3C38-4AB7-85E3-4DE3B1EB0FDB}.Release|Any CPU.ActiveCfg = Release|Any CPU
		{8F8D14D9-3C38-4AB7-85E3-4DE3B1EB0FDB}.Release|Any CPU.Build.0 = Release|Any CPU
	EndGlobalSection
	GlobalSection(SolutionProperties) = preSolution
		HideSolutionNode = FALSE
	EndGlobalSection
	GlobalSection(ExtensibilityGlobals) = postSolution
		SolutionGuid = {CB7CC361-564E-465E-81C5-501AEF7AD13A}
	EndGlobalSection
EndGlobal
